
Microsoft Visual Studio Solution File, Format Version 12.00
# Visual Studio Version 17
VisualStudioVersion = 17.3.32901.215
MinimumVisualStudioVersion = 10.0.40219.1
Project("{FAE04EC0-301F-11D3-BF4B-00C04F79EFBC}") = "MyVendingMachine", "MyVendingMachine\MyVendingMachine.csproj", "{C538D5C6-53ED-49AD-81B5-2096240BAF10}"
EndProject
Project("{FAE04EC0-301F-11D3-BF4B-00C04F79EFBC}") = "MyVendingMachine.Test", "MyVendingMachine.Test\MyVendingMachine.Test.csproj", "{8727A459-45C8-42AC-98BF-D11C4B275F40}"
EndProject
Global
	GlobalSection(SolutionConfigurationPlatforms) = preSolution
		Debug|Any CPU = Debug|Any CPU
		Release|Any CPU = Release|Any CPU
	EndGlobalSection
	GlobalSection(ProjectConfigurationPlatforms) = postSolution
		{C538D5C6-53ED-49AD-81B5-2096240BAF10}.Debug|Any CPU.ActiveCfg = Debug|Any CPU
		{C538D5C6-53ED-49AD-81B5-2096240BAF10}.Debug|Any CPU.Build.0 = Debug|Any CPU
		{C538D5C6-53ED-49AD-81B5-2096240BAF10}.Release|Any CPU.ActiveCfg = Release|Any CPU
		{C538D5C6-53ED-49AD-81B5-2096240BAF10}.Release|Any CPU.Build.0 = Release|Any CPU
		{8727A459-45C8-42AC-98BF-D11C4B275F40}.Debug|Any CPU.ActiveCfg = Debug|Any CPU
		{8727A459-45C8-42AC-98BF-D11C4B275F40}.Debug|Any CPU.Build.0 = Debug|Any CPU
		{8727A459-45C8-42AC-98BF-D11C4B275F40}.Release|Any CPU.ActiveCfg = Release|Any CPU
		{8727A459-45C8-42AC-98BF-D11C4B275F40}.Release|Any CPU.Build.0 = Release|Any CPU
	EndGlobalSection
	GlobalSection(SolutionProperties) = preSolution
		HideSolutionNode = FALSE
	EndGlobalSection
	GlobalSection(ExtensibilityGlobals) = postSolution
		SolutionGuid = {0254C01A-14C9-466F-B2E7-64DCF3AADACB}
	EndGlobalSection
EndGlobal
